
Microsoft Visual Studio Solution File, Format Version 12.00
# Visual Studio 2012
Project("{FAE04EC0-301F-11D3-BF4B-00C04F79EFBC}") = "KendoGrid", "KendoGrid\KendoGrid.csproj", "{B37D41AB-C2B0-4F4B-BD28-5B367661D0ED}"
EndProject
Project("{2150E333-8FDC-42A3-9474-1A3956D46DE8}") = "Solution Items", "Solution Items", "{DCABF79B-45EC-41E5-A431-03CF9241F982}"
	ProjectSection(SolutionItems) = preProject
		JSLintOptions.xml = JSLintOptions.xml
	EndProjectSection
EndProject
Global
	GlobalSection(JSLint) = preSolution
		SolutionConfigurationLocation = JSLintOptions.xml
	EndGlobalSection
	GlobalSection(SolutionConfigurationPlatforms) = preSolution
		Debug|Any CPU = Debug|Any CPU
		Release|Any CPU = Release|Any CPU
	EndGlobalSection
	GlobalSection(ProjectConfigurationPlatforms) = postSolution
		{B37D41AB-C2B0-4F4B-BD28-5B367661D0ED}.Debug|Any CPU.ActiveCfg = Debug|Any CPU
		{B37D41AB-C2B0-4F4B-BD28-5B367661D0ED}.Debug|Any CPU.Build.0 = Debug|Any CPU
		{B37D41AB-C2B0-4F4B-BD28-5B367661D0ED}.Release|Any CPU.ActiveCfg = Release|Any CPU
		{B37D41AB-C2B0-4F4B-BD28-5B367661D0ED}.Release|Any CPU.Build.0 = Release|Any CPU
	EndGlobalSection
	GlobalSection(SolutionProperties) = preSolution
		HideSolutionNode = FALSE
	EndGlobalSection
EndGlobal
